
Microsoft Visual Studio Solution File, Format Version 12.00
# Visual Studio Version 16
VisualStudioVersion = 16.0.28803.156
MinimumVisualStudioVersion = 10.0.40219.1
Project("{FAE04EC0-301F-11D3-BF4B-00C04F79EFBC}") = "WebDAVServer.FileSystemStorage.HttpListener", "WebDAVServer.FileSystemStorage.HttpListener\WebDAVServer.FileSystemStorage.HttpListener.csproj", "{1BE05DEA-32E4-433E-8AF9-6A17E33AABED}"
EndProject
Project("{FAE04EC0-301F-11D3-BF4B-00C04F79EFBC}") = "WebDAVServer.SqlStorage.HttpListener", "WebDAVServer.SqlStorage.HttpListener\WebDAVServer.SqlStorage.HttpListener.csproj", "{5633E267-0AE1-4B74-9C33-BCEE461B6852}"
EndProject
Project("{FAE04EC0-301F-11D3-BF4B-00C04F79EFBC}") = "CalDAVServer.FileSystemStorage.AspNet", "CalDAVServer.FileSystemStorage.AspNet\CalDAVServer.FileSystemStorage.AspNet.csproj", "{8F090D62-EEC8-4C22-BCFA-F05EE7B2F274}"
EndProject
Project("{FAE04EC0-301F-11D3-BF4B-00C04F79EFBC}") = "CalDAVServer.SqlStorage.AspNet", "CalDAVServer.SqlStorage.AspNet\CalDAVServer.SqlStorage.AspNet.csproj", "{59C905D1-2DC9-4DEE-9024-18F9963EEEB5}"
EndProject
Project("{FAE04EC0-301F-11D3-BF4B-00C04F79EFBC}") = "CardDAVServer.FileSystemStorage.AspNet", "CardDAVServer.FileSystemStorage.AspNet\CardDAVServer.FileSystemStorage.AspNet.csproj", "{096611D0-CABD-4A76-B955-452B2D5F95D4}"
EndProject
Project("{FAE04EC0-301F-11D3-BF4B-00C04F79EFBC}") = "CardDAVServer.SqlStorage.AspNet", "CardDAVServer.SqlStorage.AspNet\CardDAVServer.SqlStorage.AspNet.csproj", "{5BCBA92C-9488-4D4A-B6B9-6404BCE88EDB}"
EndProject
Project("{FAE04EC0-301F-11D3-BF4B-00C04F79EFBC}") = "WebDAVServer.FileSystemStorage.AspNet", "WebDAVServer.FileSystemStorage.AspNet\WebDAVServer.FileSystemStorage.AspNet.csproj", "{67879DDB-D458-4FB0-BD3D-E3DF756A260F}"
EndProject
Project("{9A19103F-16F7-4668-BE54-9A1E7A4F7556}") = "WebDAVServer.FileSystemStorage.AspNetCore", "WebDAVServer.FileSystemStorage.AspNetCore\WebDAVServer.FileSystemStorage.AspNetCore.csproj", "{7882E99E-DCD0-4F3E-BE04-548723FB12C1}"
EndProject
Project("{FAE04EC0-301F-11D3-BF4B-00C04F79EFBC}") = "WebDAVServer.SqlStorage.AspNet", "WebDAVServer.SqlStorage.AspNet\WebDAVServer.SqlStorage.AspNet.csproj", "{4CD9CC25-D8B9-402F-8754-9421FBABBE5D}"
EndProject
Project("{9A19103F-16F7-4668-BE54-9A1E7A4F7556}") = "WebDAVServer.SqlStorage.AspNetCore", "WebDAVServer.SqlStorage.AspNetCore\WebDAVServer.SqlStorage.AspNetCore.csproj", "{F4F9511F-2FF8-42AC-88FB-B70197AD20D2}"
EndProject
Project("{FAE04EC0-301F-11D3-BF4B-00C04F79EFBC}") = "WebDAVServer.FileSystemStorage.AspNet.Cookies", "WebDAVServer.FileSystemStorage.AspNet.Cookies\WebDAVServer.FileSystemStorage.AspNet.Cookies.csproj", "{F04D1B74-4943-4EC3-9B39-0A468AA3926E}"
EndProject
Global
	GlobalSection(SolutionConfigurationPlatforms) = preSolution
		Debug|Any CPU = Debug|Any CPU
		Release|Any CPU = Release|Any CPU
	EndGlobalSection
	GlobalSection(ProjectConfigurationPlatforms) = postSolution
		{1BE05DEA-32E4-433E-8AF9-6A17E33AABED}.Debug|Any CPU.ActiveCfg = Debug|Any CPU
		{1BE05DEA-32E4-433E-8AF9-6A17E33AABED}.Debug|Any CPU.Build.0 = Debug|Any CPU
		{1BE05DEA-32E4-433E-8AF9-6A17E33AABED}.Release|Any CPU.ActiveCfg = Release|Any CPU
		{1BE05DEA-32E4-433E-8AF9-6A17E33AABED}.Release|Any CPU.Build.0 = Release|Any CPU
		{5633E267-0AE1-4B74-9C33-BCEE461B6852}.Debug|Any CPU.ActiveCfg = Debug|Any CPU
		{5633E267-0AE1-4B74-9C33-BCEE461B6852}.Debug|Any CPU.Build.0 = Debug|Any CPU
		{5633E267-0AE1-4B74-9C33-BCEE461B6852}.Release|Any CPU.ActiveCfg = Release|Any CPU
		{5633E267-0AE1-4B74-9C33-BCEE461B6852}.Release|Any CPU.Build.0 = Release|Any CPU
		{8F090D62-EEC8-4C22-BCFA-F05EE7B2F274}.Debug|Any CPU.ActiveCfg = Debug|Any CPU
		{8F090D62-EEC8-4C22-BCFA-F05EE7B2F274}.Debug|Any CPU.Build.0 = Debug|Any CPU
		{8F090D62-EEC8-4C22-BCFA-F05EE7B2F274}.Release|Any CPU.ActiveCfg = Release|Any CPU
		{8F090D62-EEC8-4C22-BCFA-F05EE7B2F274}.Release|Any CPU.Build.0 = Release|Any CPU
		{59C905D1-2DC9-4DEE-9024-18F9963EEEB5}.Debug|Any CPU.ActiveCfg = Debug|Any CPU
		{59C905D1-2DC9-4DEE-9024-18F9963EEEB5}.Debug|Any CPU.Build.0 = Debug|Any CPU
		{59C905D1-2DC9-4DEE-9024-18F9963EEEB5}.Release|Any CPU.ActiveCfg = Release|Any CPU
		{59C905D1-2DC9-4DEE-9024-18F9963EEEB5}.Release|Any CPU.Build.0 = Release|Any CPU
		{096611D0-CABD-4A76-B955-452B2D5F95D4}.Debug|Any CPU.ActiveCfg = Debug|Any CPU
		{096611D0-CABD-4A76-B955-452B2D5F95D4}.Debug|Any CPU.Build.0 = Debug|Any CPU
		{096611D0-CABD-4A76-B955-452B2D5F95D4}.Release|Any CPU.ActiveCfg = Release|Any CPU
		{096611D0-CABD-4A76-B955-452B2D5F95D4}.Release|Any CPU.Build.0 = Release|Any CPU
		{5BCBA92C-9488-4D4A-B6B9-6404BCE88EDB}.Debug|Any CPU.ActiveCfg = Debug|Any CPU
		{5BCBA92C-9488-4D4A-B6B9-6404BCE88EDB}.Debug|Any CPU.Build.0 = Debug|Any CPU
		{5BCBA92C-9488-4D4A-B6B9-6404BCE88EDB}.Release|Any CPU.ActiveCfg = Release|Any CPU
		{5BCBA92C-9488-4D4A-B6B9-6404BCE88EDB}.Release|Any CPU.Build.0 = Release|Any CPU
		{67879DDB-D458-4FB0-BD3D-E3DF756A260F}.Debug|Any CPU.ActiveCfg = Debug|Any CPU
		{67879DDB-D458-4FB0-BD3D-E3DF756A260F}.Debug|Any CPU.Build.0 = Debug|Any CPU
		{67879DDB-D458-4FB0-BD3D-E3DF756A260F}.Release|Any CPU.ActiveCfg = Release|Any CPU
		{67879DDB-D458-4FB0-BD3D-E3DF756A260F}.Release|Any CPU.Build.0 = Release|Any CPU
		{7882E99E-DCD0-4F3E-BE04-548723FB12C1}.Debug|Any CPU.ActiveCfg = Debug|Any CPU
		{7882E99E-DCD0-4F3E-BE04-548723FB12C1}.Debug|Any CPU.Build.0 = Debug|Any CPU
		{7882E99E-DCD0-4F3E-BE04-548723FB12C1}.Release|Any CPU.ActiveCfg = Release|Any CPU
		{7882E99E-DCD0-4F3E-BE04-548723FB12C1}.Release|Any CPU.Build.0 = Release|Any CPU
		{4CD9CC25-D8B9-402F-8754-9421FBABBE5D}.Debug|Any CPU.ActiveCfg = Debug|Any CPU
		{4CD9CC25-D8B9-402F-8754-9421FBABBE5D}.Debug|Any CPU.Build.0 = Debug|Any CPU
		{4CD9CC25-D8B9-402F-8754-9421FBABBE5D}.Release|Any CPU.ActiveCfg = Release|Any CPU
		{4CD9CC25-D8B9-402F-8754-9421FBABBE5D}.Release|Any CPU.Build.0 = Release|Any CPU
		{F4F9511F-2FF8-42AC-88FB-B70197AD20D2}.Debug|Any CPU.ActiveCfg = Debug|Any CPU
		{F4F9511F-2FF8-42AC-88FB-B70197AD20D2}.Debug|Any CPU.Build.0 = Debug|Any CPU
		{F4F9511F-2FF8-42AC-88FB-B70197AD20D2}.Release|Any CPU.ActiveCfg = Release|Any CPU
		{F4F9511F-2FF8-42AC-88FB-B70197AD20D2}.Release|Any CPU.Build.0 = Release|Any CPU
		{F04D1B74-4943-4EC3-9B39-0A468AA3926E}.Debug|Any CPU.ActiveCfg = Debug|Any CPU
		{F04D1B74-4943-4EC3-9B39-0A468AA3926E}.Debug|Any CPU.Build.0 = Debug|Any CPU
		{F04D1B74-4943-4EC3-9B39-0A468AA3926E}.Release|Any CPU.ActiveCfg = Release|Any CPU
		{F04D1B74-4943-4EC3-9B39-0A468AA3926E}.Release|Any CPU.Build.0 = Release|Any CPU
	EndGlobalSection
	GlobalSection(SolutionProperties) = preSolution
		HideSolutionNode = FALSE
	EndGlobalSection
	GlobalSection(ExtensibilityGlobals) = postSolution
		SolutionGuid = {FD2935A7-522A-4BAF-9AB2-CB8102253DB4}
	EndGlobalSection
EndGlobal
