
Microsoft Visual Studio Solution File, Format Version 12.00
# Visual Studio 15
VisualStudioVersion = 15.0.26430.6
MinimumVisualStudioVersion = 10.0.40219.1
Project("{F184B08F-C81C-45F6-A57F-5ABD9991F28F}") = "WebDAVServer.FileSystemStorage.HttpListener", "WebDAVServer.FileSystemStorage.HttpListener\WebDAVServer.FileSystemStorage.HttpListener.vbproj", "{3AE7FD8E-2D31-44D5-B70C-441E8B6F070B}"
EndProject
Project("{F184B08F-C81C-45F6-A57F-5ABD9991F28F}") = "WebDAVServer.SqlStorage.HttpListener", "WebDAVServer.SqlStorage.HttpListener\WebDAVServer.SqlStorage.HttpListener.vbproj", "{34AECE5F-590E-4143-AC4D-9E2236FB5A8E}"
EndProject
Project("{F184B08F-C81C-45F6-A57F-5ABD9991F28F}") = "CalDAVServer.FileSystemStorage.AspNet", "CalDAVServer.FileSystemStorage.AspNet\CalDAVServer.FileSystemStorage.AspNet.vbproj", "{95AAEB5F-DA04-4812-A918-A23352578F02}"
EndProject
Project("{F184B08F-C81C-45F6-A57F-5ABD9991F28F}") = "CalDAVServer.SqlStorage.AspNet", "CalDAVServer.SqlStorage.AspNet\CalDAVServer.SqlStorage.AspNet.vbproj", "{ADF4E2BB-2A1F-4FAB-9563-87C9EACE5C0E}"
EndProject
Project("{F184B08F-C81C-45F6-A57F-5ABD9991F28F}") = "CardDAVServer.FileSystemStorage.AspNet", "CardDAVServer.FileSystemStorage.AspNet\CardDAVServer.FileSystemStorage.AspNet.vbproj", "{5CB2C594-E2E6-40BD-9D3A-00DDC1977616}"
EndProject
Project("{F184B08F-C81C-45F6-A57F-5ABD9991F28F}") = "CardDAVServer.SqlStorage.AspNet", "CardDAVServer.SqlStorage.AspNet\CardDAVServer.SqlStorage.AspNet.vbproj", "{13284947-945E-42DC-BEE5-0BA32EDA3B86}"
EndProject
Project("{F184B08F-C81C-45F6-A57F-5ABD9991F28F}") = "WebDAVServer.FileSystemStorage.AspNet", "WebDAVServer.FileSystemStorage.AspNet\WebDAVServer.FileSystemStorage.AspNet.vbproj", "{685372AA-0C24-402F-9338-659EBE1388AE}"
EndProject
Project("{F184B08F-C81C-45F6-A57F-5ABD9991F28F}") = "WebDAVServer.SqlStorage.AspNet", "WebDAVServer.SqlStorage.AspNet\WebDAVServer.SqlStorage.AspNet.vbproj", "{8B39784B-938F-4BA5-ADEA-F496DBDD2D06}"
EndProject
Global
	GlobalSection(SolutionConfigurationPlatforms) = preSolution
		Debug|Any CPU = Debug|Any CPU
		Release|Any CPU = Release|Any CPU
	EndGlobalSection
	GlobalSection(ProjectConfigurationPlatforms) = postSolution
		{3AE7FD8E-2D31-44D5-B70C-441E8B6F070B}.Debug|Any CPU.ActiveCfg = Debug|Any CPU
		{3AE7FD8E-2D31-44D5-B70C-441E8B6F070B}.Debug|Any CPU.Build.0 = Debug|Any CPU
		{3AE7FD8E-2D31-44D5-B70C-441E8B6F070B}.Release|Any CPU.ActiveCfg = Release|Any CPU
		{3AE7FD8E-2D31-44D5-B70C-441E8B6F070B}.Release|Any CPU.Build.0 = Release|Any CPU
		{34AECE5F-590E-4143-AC4D-9E2236FB5A8E}.Debug|Any CPU.ActiveCfg = Debug|Any CPU
		{34AECE5F-590E-4143-AC4D-9E2236FB5A8E}.Debug|Any CPU.Build.0 = Debug|Any CPU
		{34AECE5F-590E-4143-AC4D-9E2236FB5A8E}.Release|Any CPU.ActiveCfg = Release|Any CPU
		{34AECE5F-590E-4143-AC4D-9E2236FB5A8E}.Release|Any CPU.Build.0 = Release|Any CPU
		{95AAEB5F-DA04-4812-A918-A23352578F02}.Debug|Any CPU.ActiveCfg = Debug|Any CPU
		{95AAEB5F-DA04-4812-A918-A23352578F02}.Debug|Any CPU.Build.0 = Debug|Any CPU
		{95AAEB5F-DA04-4812-A918-A23352578F02}.Release|Any CPU.ActiveCfg = Release|Any CPU
		{95AAEB5F-DA04-4812-A918-A23352578F02}.Release|Any CPU.Build.0 = Release|Any CPU
		{ADF4E2BB-2A1F-4FAB-9563-87C9EACE5C0E}.Debug|Any CPU.ActiveCfg = Debug|Any CPU
		{ADF4E2BB-2A1F-4FAB-9563-87C9EACE5C0E}.Debug|Any CPU.Build.0 = Debug|Any CPU
		{ADF4E2BB-2A1F-4FAB-9563-87C9EACE5C0E}.Release|Any CPU.ActiveCfg = Release|Any CPU
		{ADF4E2BB-2A1F-4FAB-9563-87C9EACE5C0E}.Release|Any CPU.Build.0 = Release|Any CPU
		{5CB2C594-E2E6-40BD-9D3A-00DDC1977616}.Debug|Any CPU.ActiveCfg = Debug|Any CPU
		{5CB2C594-E2E6-40BD-9D3A-00DDC1977616}.Debug|Any CPU.Build.0 = Debug|Any CPU
		{5CB2C594-E2E6-40BD-9D3A-00DDC1977616}.Release|Any CPU.ActiveCfg = Release|Any CPU
		{5CB2C594-E2E6-40BD-9D3A-00DDC1977616}.Release|Any CPU.Build.0 = Release|Any CPU
		{13284947-945E-42DC-BEE5-0BA32EDA3B86}.Debug|Any CPU.ActiveCfg = Debug|Any CPU
		{13284947-945E-42DC-BEE5-0BA32EDA3B86}.Debug|Any CPU.Build.0 = Debug|Any CPU
		{13284947-945E-42DC-BEE5-0BA32EDA3B86}.Release|Any CPU.ActiveCfg = Release|Any CPU
		{13284947-945E-42DC-BEE5-0BA32EDA3B86}.Release|Any CPU.Build.0 = Release|Any CPU
		{685372AA-0C24-402F-9338-659EBE1388AE}.Debug|Any CPU.ActiveCfg = Debug|Any CPU
		{685372AA-0C24-402F-9338-659EBE1388AE}.Debug|Any CPU.Build.0 = Debug|Any CPU
		{685372AA-0C24-402F-9338-659EBE1388AE}.Release|Any CPU.ActiveCfg = Release|Any CPU
		{685372AA-0C24-402F-9338-659EBE1388AE}.Release|Any CPU.Build.0 = Release|Any CPU
		{8B39784B-938F-4BA5-ADEA-F496DBDD2D06}.Debug|Any CPU.ActiveCfg = Debug|Any CPU
		{8B39784B-938F-4BA5-ADEA-F496DBDD2D06}.Debug|Any CPU.Build.0 = Debug|Any CPU
		{8B39784B-938F-4BA5-ADEA-F496DBDD2D06}.Release|Any CPU.ActiveCfg = Release|Any CPU
		{8B39784B-938F-4BA5-ADEA-F496DBDD2D06}.Release|Any CPU.Build.0 = Release|Any CPU
	EndGlobalSection
	GlobalSection(SolutionProperties) = preSolution
		HideSolutionNode = FALSE
	EndGlobalSection
EndGlobal
